
Microsoft Visual Studio Solution File, Format Version 12.00
# Visual Studio Version 16
VisualStudioVersion = 16.0.30711.63
MinimumVisualStudioVersion = 15.0.26124.0
Project("{2150E333-8FDC-42A3-9474-1A3956D46DE8}") = "Solution Items", "Solution Items", "{6992F64E-2819-4960-B8A0-5852F1A6D056}"
	ProjectSection(SolutionItems) = preProject
		cliSettings.json = cliSettings.json
	EndProjectSection
EndProject
Project("{2150E333-8FDC-42A3-9474-1A3956D46DE8}") = "building-blocks", "building-blocks", "{A6E8BBFA-35AE-4B76-9B54-79E78AA9AE9F}"
EndProject
Project("{9A19103F-16F7-4668-BE54-9A1E7A4F7556}") = "BuildingBlocks.Core", "building-blocks\BuildingBlocks.Core\BuildingBlocks.Core.csproj", "{076CE01B-9403-44EC-BC54-176FA82714BC}"
EndProject
Project("{9A19103F-16F7-4668-BE54-9A1E7A4F7556}") = "BuildingBlocks.Abstractions", "building-blocks\BuildingBlocks.Abstractions\BuildingBlocks.Abstractions.csproj", "{F57DF5BE-C2B5-4D49-B44F-D3A884EF88EF}"
EndProject
Project("{9A19103F-16F7-4668-BE54-9A1E7A4F7556}") = "BuildingBlocks.EventStore", "building-blocks\BuildingBlocks.EventStore\BuildingBlocks.EventStore.csproj", "{356E921F-7BB1-4BAC-90E2-1A29AB6D0748}"
EndProject
Project("{9A19103F-16F7-4668-BE54-9A1E7A4F7556}") = "BuildingBlocks.AspNetCore", "building-blocks\BuildingBlocks.AspNetCore\BuildingBlocks.AspNetCore.csproj", "{71C13561-5E2A-43E0-8D50-78F6A337F82F}"
EndProject
Project("{2150E333-8FDC-42A3-9474-1A3956D46DE8}") = "src", "src", "{48405439-07CF-4F0F-B8E7-9BD8538BF87E}"
EndProject
Project("{9A19103F-16F7-4668-BE54-9A1E7A4F7556}") = "BlackFiance.Core", "src\BlackFiance.Core\BlackFiance.Core.csproj", "{BA54C3BF-3AA1-4B0F-AED1-F0B4AA261F97}"
EndProject
Project("{9A19103F-16F7-4668-BE54-9A1E7A4F7556}") = "BlackFiance.Domain", "src\BlackFiance.Domain\BlackFiance.Domain.csproj", "{9079FE9D-F472-402F-9080-C2905CC5FCAF}"
EndProject
Project("{9A19103F-16F7-4668-BE54-9A1E7A4F7556}") = "BlackFiance.Api", "src\BlackFiance.Api\BlackFiance.Api.csproj", "{CB479DC5-7FC4-41F6-9770-6A7C88997E04}"
EndProject
Project("{2150E333-8FDC-42A3-9474-1A3956D46DE8}") = "test", "test", "{84209201-54EF-4C57-899E-CDB0DFA74147}"
EndProject
Project("{9A19103F-16F7-4668-BE54-9A1E7A4F7556}") = "BlackFiance.Domain.UnitTests", "test\BlackFiance.Domain.UnitTests\BlackFiance.Domain.UnitTests.csproj", "{AE2FA202-73D9-4AAD-8496-E3D479ACCC4E}"
EndProject
Project("{9A19103F-16F7-4668-BE54-9A1E7A4F7556}") = "BlackFiance.Core.UnitTests", "test\BlackFiance.Core.UnitTests\BlackFiance.Core.UnitTests.csproj", "{56249074-BA23-4892-98AD-EAB3D9A94C28}"
EndProject
Project("{9A19103F-16F7-4668-BE54-9A1E7A4F7556}") = "BlackFiance.Api.FunctionalTests", "test\BlackFiance.Api.FunctionalTests\BlackFiance.Api.FunctionalTests.csproj", "{F3E9F1C7-A61D-47DD-BAF6-99889D0A8407}"
EndProject
Global
	GlobalSection(SolutionConfigurationPlatforms) = preSolution
		Debug|Any CPU = Debug|Any CPU
		Debug|x64 = Debug|x64
		Debug|x86 = Debug|x86
		Release|Any CPU = Release|Any CPU
		Release|x64 = Release|x64
		Release|x86 = Release|x86
	EndGlobalSection
	GlobalSection(ProjectConfigurationPlatforms) = postSolution
		{076CE01B-9403-44EC-BC54-176FA82714BC}.Debug|Any CPU.ActiveCfg = Debug|Any CPU
		{076CE01B-9403-44EC-BC54-176FA82714BC}.Debug|Any CPU.Build.0 = Debug|Any CPU
		{076CE01B-9403-44EC-BC54-176FA82714BC}.Debug|x64.ActiveCfg = Debug|Any CPU
		{076CE01B-9403-44EC-BC54-176FA82714BC}.Debug|x64.Build.0 = Debug|Any CPU
		{076CE01B-9403-44EC-BC54-176FA82714BC}.Debug|x86.ActiveCfg = Debug|Any CPU
		{076CE01B-9403-44EC-BC54-176FA82714BC}.Debug|x86.Build.0 = Debug|Any CPU
		{076CE01B-9403-44EC-BC54-176FA82714BC}.Release|Any CPU.ActiveCfg = Release|Any CPU
		{076CE01B-9403-44EC-BC54-176FA82714BC}.Release|Any CPU.Build.0 = Release|Any CPU
		{076CE01B-9403-44EC-BC54-176FA82714BC}.Release|x64.ActiveCfg = Release|Any CPU
		{076CE01B-9403-44EC-BC54-176FA82714BC}.Release|x64.Build.0 = Release|Any CPU
		{076CE01B-9403-44EC-BC54-176FA82714BC}.Release|x86.ActiveCfg = Release|Any CPU
		{076CE01B-9403-44EC-BC54-176FA82714BC}.Release|x86.Build.0 = Release|Any CPU
		{F57DF5BE-C2B5-4D49-B44F-D3A884EF88EF}.Debug|Any CPU.ActiveCfg = Debug|Any CPU
		{F57DF5BE-C2B5-4D49-B44F-D3A884EF88EF}.Debug|Any CPU.Build.0 = Debug|Any CPU
		{F57DF5BE-C2B5-4D49-B44F-D3A884EF88EF}.Debug|x64.ActiveCfg = Debug|Any CPU
		{F57DF5BE-C2B5-4D49-B44F-D3A884EF88EF}.Debug|x64.Build.0 = Debug|Any CPU
		{F57DF5BE-C2B5-4D49-B44F-D3A884EF88EF}.Debug|x86.ActiveCfg = Debug|Any CPU
		{F57DF5BE-C2B5-4D49-B44F-D3A884EF88EF}.Debug|x86.Build.0 = Debug|Any CPU
		{F57DF5BE-C2B5-4D49-B44F-D3A884EF88EF}.Release|Any CPU.ActiveCfg = Release|Any CPU
		{F57DF5BE-C2B5-4D49-B44F-D3A884EF88EF}.Release|Any CPU.Build.0 = Release|Any CPU
		{F57DF5BE-C2B5-4D49-B44F-D3A884EF88EF}.Release|x64.ActiveCfg = Release|Any CPU
		{F57DF5BE-C2B5-4D49-B44F-D3A884EF88EF}.Release|x64.Build.0 = Release|Any CPU
		{F57DF5BE-C2B5-4D49-B44F-D3A884EF88EF}.Release|x86.ActiveCfg = Release|Any CPU
		{F57DF5BE-C2B5-4D49-B44F-D3A884EF88EF}.Release|x86.Build.0 = Release|Any CPU
		{356E921F-7BB1-4BAC-90E2-1A29AB6D0748}.Debug|Any CPU.ActiveCfg = Debug|Any CPU
		{356E921F-7BB1-4BAC-90E2-1A29AB6D0748}.Debug|Any CPU.Build.0 = Debug|Any CPU
		{356E921F-7BB1-4BAC-90E2-1A29AB6D0748}.Debug|x64.ActiveCfg = Debug|Any CPU
		{356E921F-7BB1-4BAC-90E2-1A29AB6D0748}.Debug|x64.Build.0 = Debug|Any CPU
		{356E921F-7BB1-4BAC-90E2-1A29AB6D0748}.Debug|x86.ActiveCfg = Debug|Any CPU
		{356E921F-7BB1-4BAC-90E2-1A29AB6D0748}.Debug|x86.Build.0 = Debug|Any CPU
		{356E921F-7BB1-4BAC-90E2-1A29AB6D0748}.Release|Any CPU.ActiveCfg = Release|Any CPU
		{356E921F-7BB1-4BAC-90E2-1A29AB6D0748}.Release|Any CPU.Build.0 = Release|Any CPU
		{356E921F-7BB1-4BAC-90E2-1A29AB6D0748}.Release|x64.ActiveCfg = Release|Any CPU
		{356E921F-7BB1-4BAC-90E2-1A29AB6D0748}.Release|x64.Build.0 = Release|Any CPU
		{356E921F-7BB1-4BAC-90E2-1A29AB6D0748}.Release|x86.ActiveCfg = Release|Any CPU
		{356E921F-7BB1-4BAC-90E2-1A29AB6D0748}.Release|x86.Build.0 = Release|Any CPU
		{71C13561-5E2A-43E0-8D50-78F6A337F82F}.Debug|Any CPU.ActiveCfg = Debug|Any CPU
		{71C13561-5E2A-43E0-8D50-78F6A337F82F}.Debug|Any CPU.Build.0 = Debug|Any CPU
		{71C13561-5E2A-43E0-8D50-78F6A337F82F}.Debug|x64.ActiveCfg = Debug|Any CPU
		{71C13561-5E2A-43E0-8D50-78F6A337F82F}.Debug|x64.Build.0 = Debug|Any CPU
		{71C13561-5E2A-43E0-8D50-78F6A337F82F}.Debug|x86.ActiveCfg = Debug|Any CPU
		{71C13561-5E2A-43E0-8D50-78F6A337F82F}.Debug|x86.Build.0 = Debug|Any CPU
		{71C13561-5E2A-43E0-8D50-78F6A337F82F}.Release|Any CPU.ActiveCfg = Release|Any CPU
		{71C13561-5E2A-43E0-8D50-78F6A337F82F}.Release|Any CPU.Build.0 = Release|Any CPU
		{71C13561-5E2A-43E0-8D50-78F6A337F82F}.Release|x64.ActiveCfg = Release|Any CPU
		{71C13561-5E2A-43E0-8D50-78F6A337F82F}.Release|x64.Build.0 = Release|Any CPU
		{71C13561-5E2A-43E0-8D50-78F6A337F82F}.Release|x86.ActiveCfg = Release|Any CPU
		{71C13561-5E2A-43E0-8D50-78F6A337F82F}.Release|x86.Build.0 = Release|Any CPU
		{BA54C3BF-3AA1-4B0F-AED1-F0B4AA261F97}.Debug|Any CPU.ActiveCfg = Debug|Any CPU
		{BA54C3BF-3AA1-4B0F-AED1-F0B4AA261F97}.Debug|Any CPU.Build.0 = Debug|Any CPU
		{BA54C3BF-3AA1-4B0F-AED1-F0B4AA261F97}.Debug|x64.ActiveCfg = Debug|Any CPU
		{BA54C3BF-3AA1-4B0F-AED1-F0B4AA261F97}.Debug|x64.Build.0 = Debug|Any CPU
		{BA54C3BF-3AA1-4B0F-AED1-F0B4AA261F97}.Debug|x86.ActiveCfg = Debug|Any CPU
		{BA54C3BF-3AA1-4B0F-AED1-F0B4AA261F97}.Debug|x86.Build.0 = Debug|Any CPU
		{BA54C3BF-3AA1-4B0F-AED1-F0B4AA261F97}.Release|Any CPU.ActiveCfg = Release|Any CPU
		{BA54C3BF-3AA1-4B0F-AED1-F0B4AA261F97}.Release|Any CPU.Build.0 = Release|Any CPU
		{BA54C3BF-3AA1-4B0F-AED1-F0B4AA261F97}.Release|x64.ActiveCfg = Release|Any CPU
		{BA54C3BF-3AA1-4B0F-AED1-F0B4AA261F97}.Release|x64.Build.0 = Release|Any CPU
		{BA54C3BF-3AA1-4B0F-AED1-F0B4AA261F97}.Release|x86.ActiveCfg = Release|Any CPU
		{BA54C3BF-3AA1-4B0F-AED1-F0B4AA261F97}.Release|x86.Build.0 = Release|Any CPU
		{9079FE9D-F472-402F-9080-C2905CC5FCAF}.Debug|Any CPU.ActiveCfg = Debug|Any CPU
		{9079FE9D-F472-402F-9080-C2905CC5FCAF}.Debug|Any CPU.Build.0 = Debug|Any CPU
		{9079FE9D-F472-402F-9080-C2905CC5FCAF}.Debug|x64.ActiveCfg = Debug|Any CPU
		{9079FE9D-F472-402F-9080-C2905CC5FCAF}.Debug|x64.Build.0 = Debug|Any CPU
		{9079FE9D-F472-402F-9080-C2905CC5FCAF}.Debug|x86.ActiveCfg = Debug|Any CPU
		{9079FE9D-F472-402F-9080-C2905CC5FCAF}.Debug|x86.Build.0 = Debug|Any CPU
		{9079FE9D-F472-402F-9080-C2905CC5FCAF}.Release|Any CPU.ActiveCfg = Release|Any CPU
		{9079FE9D-F472-402F-9080-C2905CC5FCAF}.Release|Any CPU.Build.0 = Release|Any CPU
		{9079FE9D-F472-402F-9080-C2905CC5FCAF}.Release|x64.ActiveCfg = Release|Any CPU
		{9079FE9D-F472-402F-9080-C2905CC5FCAF}.Release|x64.Build.0 = Release|Any CPU
		{9079FE9D-F472-402F-9080-C2905CC5FCAF}.Release|x86.ActiveCfg = Release|Any CPU
		{9079FE9D-F472-402F-9080-C2905CC5FCAF}.Release|x86.Build.0 = Release|Any CPU
		{CB479DC5-7FC4-41F6-9770-6A7C88997E04}.Debug|Any CPU.ActiveCfg = Debug|Any CPU
		{CB479DC5-7FC4-41F6-9770-6A7C88997E04}.Debug|Any CPU.Build.0 = Debug|Any CPU
		{CB479DC5-7FC4-41F6-9770-6A7C88997E04}.Debug|x64.ActiveCfg = Debug|Any CPU
		{CB479DC5-7FC4-41F6-9770-6A7C88997E04}.Debug|x64.Build.0 = Debug|Any CPU
		{CB479DC5-7FC4-41F6-9770-6A7C88997E04}.Debug|x86.ActiveCfg = Debug|Any CPU
		{CB479DC5-7FC4-41F6-9770-6A7C88997E04}.Debug|x86.Build.0 = Debug|Any CPU
		{CB479DC5-7FC4-41F6-9770-6A7C88997E04}.Release|Any CPU.ActiveCfg = Release|Any CPU
		{CB479DC5-7FC4-41F6-9770-6A7C88997E04}.Release|Any CPU.Build.0 = Release|Any CPU
		{CB479DC5-7FC4-41F6-9770-6A7C88997E04}.Release|x64.ActiveCfg = Release|Any CPU
		{CB479DC5-7FC4-41F6-9770-6A7C88997E04}.Release|x64.Build.0 = Release|Any CPU
		{CB479DC5-7FC4-41F6-9770-6A7C88997E04}.Release|x86.ActiveCfg = Release|Any CPU
		{CB479DC5-7FC4-41F6-9770-6A7C88997E04}.Release|x86.Build.0 = Release|Any CPU
		{AE2FA202-73D9-4AAD-8496-E3D479ACCC4E}.Debug|Any CPU.ActiveCfg = Debug|Any CPU
		{AE2FA202-73D9-4AAD-8496-E3D479ACCC4E}.Debug|Any CPU.Build.0 = Debug|Any CPU
		{AE2FA202-73D9-4AAD-8496-E3D479ACCC4E}.Debug|x64.ActiveCfg = Debug|Any CPU
		{AE2FA202-73D9-4AAD-8496-E3D479ACCC4E}.Debug|x64.Build.0 = Debug|Any CPU
		{AE2FA202-73D9-4AAD-8496-E3D479ACCC4E}.Debug|x86.ActiveCfg = Debug|Any CPU
		{AE2FA202-73D9-4AAD-8496-E3D479ACCC4E}.Debug|x86.Build.0 = Debug|Any CPU
		{AE2FA202-73D9-4AAD-8496-E3D479ACCC4E}.Release|Any CPU.ActiveCfg = Release|Any CPU
		{AE2FA202-73D9-4AAD-8496-E3D479ACCC4E}.Release|Any CPU.Build.0 = Release|Any CPU
		{AE2FA202-73D9-4AAD-8496-E3D479ACCC4E}.Release|x64.ActiveCfg = Release|Any CPU
		{AE2FA202-73D9-4AAD-8496-E3D479ACCC4E}.Release|x64.Build.0 = Release|Any CPU
		{AE2FA202-73D9-4AAD-8496-E3D479ACCC4E}.Release|x86.ActiveCfg = Release|Any CPU
		{AE2FA202-73D9-4AAD-8496-E3D479ACCC4E}.Release|x86.Build.0 = Release|Any CPU
		{56249074-BA23-4892-98AD-EAB3D9A94C28}.Debug|Any CPU.ActiveCfg = Debug|Any CPU
		{56249074-BA23-4892-98AD-EAB3D9A94C28}.Debug|Any CPU.Build.0 = Debug|Any CPU
		{56249074-BA23-4892-98AD-EAB3D9A94C28}.Debug|x64.ActiveCfg = Debug|Any CPU
		{56249074-BA23-4892-98AD-EAB3D9A94C28}.Debug|x64.Build.0 = Debug|Any CPU
		{56249074-BA23-4892-98AD-EAB3D9A94C28}.Debug|x86.ActiveCfg = Debug|Any CPU
		{56249074-BA23-4892-98AD-EAB3D9A94C28}.Debug|x86.Build.0 = Debug|Any CPU
		{56249074-BA23-4892-98AD-EAB3D9A94C28}.Release|Any CPU.ActiveCfg = Release|Any CPU
		{56249074-BA23-4892-98AD-EAB3D9A94C28}.Release|Any CPU.Build.0 = Release|Any CPU
		{56249074-BA23-4892-98AD-EAB3D9A94C28}.Release|x64.ActiveCfg = Release|Any CPU
		{56249074-BA23-4892-98AD-EAB3D9A94C28}.Release|x64.Build.0 = Release|Any CPU
		{56249074-BA23-4892-98AD-EAB3D9A94C28}.Release|x86.ActiveCfg = Release|Any CPU
		{56249074-BA23-4892-98AD-EAB3D9A94C28}.Release|x86.Build.0 = Release|Any CPU
		{F3E9F1C7-A61D-47DD-BAF6-99889D0A8407}.Debug|Any CPU.ActiveCfg = Debug|Any CPU
		{F3E9F1C7-A61D-47DD-BAF6-99889D0A8407}.Debug|Any CPU.Build.0 = Debug|Any CPU
		{F3E9F1C7-A61D-47DD-BAF6-99889D0A8407}.Debug|x64.ActiveCfg = Debug|Any CPU
		{F3E9F1C7-A61D-47DD-BAF6-99889D0A8407}.Debug|x64.Build.0 = Debug|Any CPU
		{F3E9F1C7-A61D-47DD-BAF6-99889D0A8407}.Debug|x86.ActiveCfg = Debug|Any CPU
		{F3E9F1C7-A61D-47DD-BAF6-99889D0A8407}.Debug|x86.Build.0 = Debug|Any CPU
		{F3E9F1C7-A61D-47DD-BAF6-99889D0A8407}.Release|Any CPU.ActiveCfg = Release|Any CPU
		{F3E9F1C7-A61D-47DD-BAF6-99889D0A8407}.Release|Any CPU.Build.0 = Release|Any CPU
		{F3E9F1C7-A61D-47DD-BAF6-99889D0A8407}.Release|x64.ActiveCfg = Release|Any CPU
		{F3E9F1C7-A61D-47DD-BAF6-99889D0A8407}.Release|x64.Build.0 = Release|Any CPU
		{F3E9F1C7-A61D-47DD-BAF6-99889D0A8407}.Release|x86.ActiveCfg = Release|Any CPU
		{F3E9F1C7-A61D-47DD-BAF6-99889D0A8407}.Release|x86.Build.0 = Release|Any CPU
	EndGlobalSection
	GlobalSection(SolutionProperties) = preSolution
		HideSolutionNode = FALSE
	EndGlobalSection
	GlobalSection(NestedProjects) = preSolution
		{076CE01B-9403-44EC-BC54-176FA82714BC} = {A6E8BBFA-35AE-4B76-9B54-79E78AA9AE9F}
		{F57DF5BE-C2B5-4D49-B44F-D3A884EF88EF} = {A6E8BBFA-35AE-4B76-9B54-79E78AA9AE9F}
		{356E921F-7BB1-4BAC-90E2-1A29AB6D0748} = {A6E8BBFA-35AE-4B76-9B54-79E78AA9AE9F}
		{71C13561-5E2A-43E0-8D50-78F6A337F82F} = {A6E8BBFA-35AE-4B76-9B54-79E78AA9AE9F}
		{BA54C3BF-3AA1-4B0F-AED1-F0B4AA261F97} = {48405439-07CF-4F0F-B8E7-9BD8538BF87E}
		{9079FE9D-F472-402F-9080-C2905CC5FCAF} = {48405439-07CF-4F0F-B8E7-9BD8538BF87E}
		{CB479DC5-7FC4-41F6-9770-6A7C88997E04} = {48405439-07CF-4F0F-B8E7-9BD8538BF87E}
		{AE2FA202-73D9-4AAD-8496-E3D479ACCC4E} = {84209201-54EF-4C57-899E-CDB0DFA74147}
		{56249074-BA23-4892-98AD-EAB3D9A94C28} = {84209201-54EF-4C57-899E-CDB0DFA74147}
		{F3E9F1C7-A61D-47DD-BAF6-99889D0A8407} = {84209201-54EF-4C57-899E-CDB0DFA74147}
	EndGlobalSection
	GlobalSection(ExtensibilityGlobals) = postSolution
		SolutionGuid = {01CD1F32-A96A-4849-A90F-E515075FD3DC}
	EndGlobalSection
EndGlobal
